// !$*UTF8*$!
{
	archiveVersion = 1;
	classes = {
	};
	objectVersion = 46;
	objects = {

/* Begin PBXBuildFile section */
		FD217C911CE507CD00E34750 /* 10.PNG in Resources */ = {isa = PBXBuildFile; fileRef = FD217C7D1CE507CD00E34750 /* 10.PNG */; };
		FD217C921CE507CD00E34750 /* 11.PNG in Resources */ = {isa = PBXBuildFile; fileRef = FD217C7E1CE507CD00E34750 /* 11.PNG */; };
		FD217C931CE507CD00E34750 /* 110.PNG in Resources */ = {isa = PBXBuildFile; fileRef = FD217C7F1CE507CD00E34750 /* 110.PNG */; };
		FD217C941CE507CD00E34750 /* 111.PNG in Resources */ = {isa = PBXBuildFile; fileRef = FD217C801CE507CD00E34750 /* 111.PNG */; };
		FD217C951CE507CD00E34750 /* 112.PNG in Resources */ = {isa = PBXBuildFile; fileRef = FD217C811CE507CD00E34750 /* 112.PNG */; };
		FD217C961CE507CD00E34750 /* 113.PNG in Resources */ = {isa = PBXBuildFile; fileRef = FD217C821CE507CD00E34750 /* 113.PNG */; };
		FD217C971CE507CD00E34750 /* 114.PNG in Resources */ = {isa = PBXBuildFile; fileRef = FD217C831CE507CD00E34750 /* 114.PNG */; };
		FD217C981CE507CD00E34750 /* 115.PNG in Resources */ = {isa = PBXBuildFile; fileRef = FD217C841CE507CD00E34750 /* 115.PNG */; };
		FD217C991CE507CD00E34750 /* 116.PNG in Resources */ = {isa = PBXBuildFile; fileRef = FD217C851CE507CD00E34750 /* 116.PNG */; };
		FD217C9A1CE507CD00E34750 /* 117.PNG in Resources */ = {isa = PBXBuildFile; fileRef = FD217C861CE507CD00E34750 /* 117.PNG */; };
		FD217C9B1CE507CD00E34750 /* 118.PNG in Resources */ = {isa = PBXBuildFile; fileRef = FD217C871CE507CD00E34750 /* 118.PNG */; };
		FD217C9C1CE507CD00E34750 /* 119.PNG in Resources */ = {isa = PBXBuildFile; fileRef = FD217C881CE507CD00E34750 /* 119.PNG */; };
		FD217C9D1CE507CD00E34750 /* 12.PNG in Resources */ = {isa = PBXBuildFile; fileRef = FD217C891CE507CD00E34750 /* 12.PNG */; };
		FD217C9E1CE507CD00E34750 /* 13.PNG in Resources */ = {isa = PBXBuildFile; fileRef = FD217C8A1CE507CD00E34750 /* 13.PNG */; };
		FD217C9F1CE507CD00E34750 /* 14.PNG in Resources */ = {isa = PBXBuildFile; fileRef = FD217C8B1CE507CD00E34750 /* 14.PNG */; };
		FD217CA01CE507CD00E34750 /* 15.PNG in Resources */ = {isa = PBXBuildFile; fileRef = FD217C8C1CE507CD00E34750 /* 15.PNG */; };
		FD217CA11CE507CD00E34750 /* 16.PNG in Resources */ = {isa = PBXBuildFile; fileRef = FD217C8D1CE507CD00E34750 /* 16.PNG */; };
		FD217CA21CE507CD00E34750 /* 17.PNG in Resources */ = {isa = PBXBuildFile; fileRef = FD217C8E1CE507CD00E34750 /* 17.PNG */; };
		FD217CA31CE507CD00E34750 /* 18.PNG in Resources */ = {isa = PBXBuildFile; fileRef = FD217C8F1CE507CD00E34750 /* 18.PNG */; };
		FD217CA41CE507CD00E34750 /* 19.PNG in Resources */ = {isa = PBXBuildFile; fileRef = FD217C901CE507CD00E34750 /* 19.PNG */; };
		FD50E8801C7E410E00DD2C3E /* TSStudent+CoreDataProperties.m in Sources */ = {isa = PBXBuildFile; fileRef = FD50E87F1C7E410E00DD2C3E /* TSStudent+CoreDataProperties.m */; };
		FD50E8891C7E5FF100DD2C3E /* TSStudentTableViewCell.m in Sources */ = {isa = PBXBuildFile; fileRef = FD50E8881C7E5FF100DD2C3E /* TSStudentTableViewCell.m */; };
		FD50E88C1C7E660500DD2C3E /* TSTableViewController.m in Sources */ = {isa = PBXBuildFile; fileRef = FD50E88B1C7E660500DD2C3E /* TSTableViewController.m */; };
		FD9045451C74DB2D0096608A /* main.m in Sources */ = {isa = PBXBuildFile; fileRef = FD9045441C74DB2D0096608A /* main.m */; };
		FD9045481C74DB2D0096608A /* AppDelegate.m in Sources */ = {isa = PBXBuildFile; fileRef = FD9045471C74DB2D0096608A /* AppDelegate.m */; };
		FD90454B1C74DB2D0096608A /* ViewController.m in Sources */ = {isa = PBXBuildFile; fileRef = FD90454A1C74DB2D0096608A /* ViewController.m */; };
		FD90454E1C74DB2D0096608A /* Main.storyboard in Resources */ = {isa = PBXBuildFile; fileRef = FD90454C1C74DB2D0096608A /* Main.storyboard */; };
		FD9045511C74DB2D0096608A /* Test_FRC_Core_Data.xcdatamodeld in Sources */ = {isa = PBXBuildFile; fileRef = FD90454F1C74DB2D0096608A /* Test_FRC_Core_Data.xcdatamodeld */; };
		FD9045531C74DB2E0096608A /* Assets.xcassets in Resources */ = {isa = PBXBuildFile; fileRef = FD9045521C74DB2E0096608A /* Assets.xcassets */; };
		FD9045561C74DB2E0096608A /* LaunchScreen.storyboard in Resources */ = {isa = PBXBuildFile; fileRef = FD9045541C74DB2E0096608A /* LaunchScreen.storyboard */; };
		FD9045611C74DB2E0096608A /* Test_FRC_Core_DataTests.m in Sources */ = {isa = PBXBuildFile; fileRef = FD9045601C74DB2E0096608A /* Test_FRC_Core_DataTests.m */; };
		FD90456C1C74DB2E0096608A /* Test_FRC_Core_DataUITests.m in Sources */ = {isa = PBXBuildFile; fileRef = FD90456B1C74DB2E0096608A /* Test_FRC_Core_DataUITests.m */; };
		FD90457B1C74DC830096608A /* TSDataManager.m in Sources */ = {isa = PBXBuildFile; fileRef = FD90457A1C74DC830096608A /* TSDataManager.m */; };
		FD9045811C74DF020096608A /* TSStudent.m in Sources */ = {isa = PBXBuildFile; fileRef = FD90457F1C74DF020096608A /* TSStudent.m */; };
		FD90458B1C75198D0096608A /* TSTableViewCell.m in Sources */ = {isa = PBXBuildFile; fileRef = FD90458A1C75198D0096608A /* TSTableViewCell.m */; };
		FDE3D31B1C7FB609000FB32B /* TSCourse+CoreDataProperties.m in Sources */ = {isa = PBXBuildFile; fileRef = FDE3D3161C7FB609000FB32B /* TSCourse+CoreDataProperties.m */; };
		FDE3D31C1C7FB609000FB32B /* TSCourse.m in Sources */ = {isa = PBXBuildFile; fileRef = FDE3D3181C7FB609000FB32B /* TSCourse.m */; };
		FDE3D3201C7FB6A1000FB32B /* TSCoursesViewController.m in Sources */ = {isa = PBXBuildFile; fileRef = FDE3D31F1C7FB6A1000FB32B /* TSCoursesViewController.m */; };
/* End PBXBuildFile section */

/* Begin PBXContainerItemProxy section */
		FD90455D1C74DB2E0096608A /* PBXContainerItemProxy */ = {
			isa = PBXContainerItemProxy;
			containerPortal = FD9045381C74DB2C0096608A /* Project object */;
			proxyType = 1;
			remoteGlobalIDString = FD90453F1C74DB2D0096608A;
			remoteInfo = "Test FRC Core Data";
		};
		FD9045681C74DB2E0096608A /* PBXContainerItemProxy */ = {
			isa = PBXContainerItemProxy;
			containerPortal = FD9045381C74DB2C0096608A /* Project object */;
			proxyType = 1;
			remoteGlobalIDString = FD90453F1C74DB2D0096608A;
			remoteInfo = "Test FRC Core Data";
		};
/* End PBXContainerItemProxy section */

/* Begin PBXFileReference section */
		FD217C7D1CE507CD00E34750 /* 10.PNG */ = {isa = PBXFileReference; lastKnownFileType = image.png; path = 10.PNG; sourceTree = "<group>"; };
		FD217C7E1CE507CD00E34750 /* 11.PNG */ = {isa = PBXFileReference; lastKnownFileType = image.png; path = 11.PNG; sourceTree = "<group>"; };
		FD217C7F1CE507CD00E34750 /* 110.PNG */ = {isa = PBXFileReference; lastKnownFileType = image.png; path = 110.PNG; sourceTree = "<group>"; };
		FD217C801CE507CD00E34750 /* 111.PNG */ = {isa = PBXFileReference; lastKnownFileType = image.png; path = 111.PNG; sourceTree = "<group>"; };
		FD217C811CE507CD00E34750 /* 112.PNG */ = {isa = PBXFileReference; lastKnownFileType = image.png; path = 112.PNG; sourceTree = "<group>"; };
		FD217C821CE507CD00E34750 /* 113.PNG */ = {isa = PBXFileReference; lastKnownFileType = image.png; path = 113.PNG; sourceTree = "<group>"; };
		FD217C831CE507CD00E34750 /* 114.PNG */ = {isa = PBXFileReference; lastKnownFileType = image.png; path = 114.PNG; sourceTree = "<group>"; };
		FD217C841CE507CD00E34750 /* 115.PNG */ = {isa = PBXFileReference; lastKnownFileType = image.png; path = 115.PNG; sourceTree = "<group>"; };
		FD217C851CE507CD00E34750 /* 116.PNG */ = {isa = PBXFileReference; lastKnownFileType = image.png; path = 116.PNG; sourceTree = "<group>"; };
		FD217C861CE507CD00E34750 /* 117.PNG */ = {isa = PBXFileReference; lastKnownFileType = image.png; path = 117.PNG; sourceTree = "<group>"; };
		FD217C871CE507CD00E34750 /* 118.PNG */ = {isa = PBXFileReference; lastKnownFileType = image.png; path = 118.PNG; sourceTree = "<group>"; };
		FD217C881CE507CD00E34750 /* 119.PNG */ = {isa = PBXFileReference; lastKnownFileType = image.png; path = 119.PNG; sourceTree = "<group>"; };
		FD217C891CE507CD00E34750 /* 12.PNG */ = {isa = PBXFileReference; lastKnownFileType = image.png; path = 12.PNG; sourceTree = "<group>"; };
		FD217C8A1CE507CD00E34750 /* 13.PNG */ = {isa = PBXFileReference; lastKnownFileType = image.png; path = 13.PNG; sourceTree = "<group>"; };
		FD217C8B1CE507CD00E34750 /* 14.PNG */ = {isa = PBXFileReference; lastKnownFileType = image.png; path = 14.PNG; sourceTree = "<group>"; };
		FD217C8C1CE507CD00E34750 /* 15.PNG */ = {isa = PBXFileReference; lastKnownFileType = image.png; path = 15.PNG; sourceTree = "<group>"; };
		FD217C8D1CE507CD00E34750 /* 16.PNG */ = {isa = PBXFileReference; lastKnownFileType = image.png; path = 16.PNG; sourceTree = "<group>"; };
		FD217C8E1CE507CD00E34750 /* 17.PNG */ = {isa = PBXFileReference; lastKnownFileType = image.png; path = 17.PNG; sourceTree = "<group>"; };
		FD217C8F1CE507CD00E34750 /* 18.PNG */ = {isa = PBXFileReference; lastKnownFileType = image.png; path = 18.PNG; sourceTree = "<group>"; };
		FD217C901CE507CD00E34750 /* 19.PNG */ = {isa = PBXFileReference; lastKnownFileType = image.png; path = 19.PNG; sourceTree = "<group>"; };
		FD50E87E1C7E410E00DD2C3E /* TSStudent+CoreDataProperties.h */ = {isa = PBXFileReference; fileEncoding = 4; lastKnownFileType = sourcecode.c.h; name = "TSStudent+CoreDataProperties.h"; path = "Test FRC Core Data/TSStudent+CoreDataProperties.h"; sourceTree = "<group>"; };
		FD50E87F1C7E410E00DD2C3E /* TSStudent+CoreDataProperties.m */ = {isa = PBXFileReference; fileEncoding = 4; lastKnownFileType = sourcecode.c.objc; name = "TSStudent+CoreDataProperties.m"; path = "Test FRC Core Data/TSStudent+CoreDataProperties.m"; sourceTree = "<group>"; };
		FD50E8871C7E5FF100DD2C3E /* TSStudentTableViewCell.h */ = {isa = PBXFileReference; fileEncoding = 4; lastKnownFileType = sourcecode.c.h; path = TSStudentTableViewCell.h; sourceTree = "<group>"; };
		FD50E8881C7E5FF100DD2C3E /* TSStudentTableViewCell.m */ = {isa = PBXFileReference; fileEncoding = 4; lastKnownFileType = sourcecode.c.objc; path = TSStudentTableViewCell.m; sourceTree = "<group>"; };
		FD50E88A1C7E660500DD2C3E /* TSTableViewController.h */ = {isa = PBXFileReference; fileEncoding = 4; lastKnownFileType = sourcecode.c.h; path = TSTableViewController.h; sourceTree = "<group>"; };
		FD50E88B1C7E660500DD2C3E /* TSTableViewController.m */ = {isa = PBXFileReference; fileEncoding = 4; lastKnownFileType = sourcecode.c.objc; path = TSTableViewController.m; sourceTree = "<group>"; };
		FD9045401C74DB2D0096608A /* Test FRC Core Data.app */ = {isa = PBXFileReference; explicitFileType = wrapper.application; includeInIndex = 0; path = "Test FRC Core Data.app"; sourceTree = BUILT_PRODUCTS_DIR; };
		FD9045441C74DB2D0096608A /* main.m */ = {isa = PBXFileReference; lastKnownFileType = sourcecode.c.objc; path = main.m; sourceTree = "<group>"; };
		FD9045461C74DB2D0096608A /* AppDelegate.h */ = {isa = PBXFileReference; lastKnownFileType = sourcecode.c.h; path = AppDelegate.h; sourceTree = "<group>"; };
		FD9045471C74DB2D0096608A /* AppDelegate.m */ = {isa = PBXFileReference; lastKnownFileType = sourcecode.c.objc; path = AppDelegate.m; sourceTree = "<group>"; };
		FD9045491C74DB2D0096608A /* ViewController.h */ = {isa = PBXFileReference; lastKnownFileType = sourcecode.c.h; path = ViewController.h; sourceTree = "<group>"; };
		FD90454A1C74DB2D0096608A /* ViewController.m */ = {isa = PBXFileReference; indentWidth = 5; lastKnownFileType = sourcecode.c.objc; path = ViewController.m; sourceTree = "<group>"; };
		FD90454D1C74DB2D0096608A /* Base */ = {isa = PBXFileReference; lastKnownFileType = file.storyboard; name = Base; path = Base.lproj/Main.storyboard; sourceTree = "<group>"; };
		FD9045501C74DB2D0096608A /* Test_FRC_Core_Data.xcdatamodel */ = {isa = PBXFileReference; lastKnownFileType = wrapper.xcdatamodel; path = Test_FRC_Core_Data.xcdatamodel; sourceTree = "<group>"; };
		FD9045521C74DB2E0096608A /* Assets.xcassets */ = {isa = PBXFileReference; lastKnownFileType = folder.assetcatalog; path = Assets.xcassets; sourceTree = "<group>"; };
		FD9045551C74DB2E0096608A /* Base */ = {isa = PBXFileReference; lastKnownFileType = file.storyboard; name = Base; path = Base.lproj/LaunchScreen.storyboard; sourceTree = "<group>"; };
		FD9045571C74DB2E0096608A /* Info.plist */ = {isa = PBXFileReference; lastKnownFileType = text.plist.xml; path = Info.plist; sourceTree = "<group>"; };
		FD90455C1C74DB2E0096608A /* Test FRC Core DataTests.xctest */ = {isa = PBXFileReference; explicitFileType = wrapper.cfbundle; includeInIndex = 0; path = "Test FRC Core DataTests.xctest"; sourceTree = BUILT_PRODUCTS_DIR; };
		FD9045601C74DB2E0096608A /* Test_FRC_Core_DataTests.m */ = {isa = PBXFileReference; lastKnownFileType = sourcecode.c.objc; path = Test_FRC_Core_DataTests.m; sourceTree = "<group>"; };
		FD9045621C74DB2E0096608A /* Info.plist */ = {isa = PBXFileReference; lastKnownFileType = text.plist.xml; path = Info.plist; sourceTree = "<group>"; };
		FD9045671C74DB2E0096608A /* Test FRC Core DataUITests.xctest */ = {isa = PBXFileReference; explicitFileType = wrapper.cfbundle; includeInIndex = 0; path = "Test FRC Core DataUITests.xctest"; sourceTree = BUILT_PRODUCTS_DIR; };
		FD90456B1C74DB2E0096608A /* Test_FRC_Core_DataUITests.m */ = {isa = PBXFileReference; lastKnownFileType = sourcecode.c.objc; path = Test_FRC_Core_DataUITests.m; sourceTree = "<group>"; };
		FD90456D1C74DB2E0096608A /* Info.plist */ = {isa = PBXFileReference; lastKnownFileType = text.plist.xml; path = Info.plist; sourceTree = "<group>"; };
		FD9045791C74DC830096608A /* TSDataManager.h */ = {isa = PBXFileReference; fileEncoding = 4; lastKnownFileType = sourcecode.c.h; path = TSDataManager.h; sourceTree = "<group>"; };
		FD90457A1C74DC830096608A /* TSDataManager.m */ = {isa = PBXFileReference; fileEncoding = 4; lastKnownFileType = sourcecode.c.objc; path = TSDataManager.m; sourceTree = "<group>"; };
		FD90457E1C74DF020096608A /* TSStudent.h */ = {isa = PBXFileReference; fileEncoding = 4; lastKnownFileType = sourcecode.c.h; name = TSStudent.h; path = "Test FRC Core Data/TSStudent.h"; sourceTree = "<group>"; };
		FD90457F1C74DF020096608A /* TSStudent.m */ = {isa = PBXFileReference; fileEncoding = 4; lastKnownFileType = sourcecode.c.objc; name = TSStudent.m; path = "Test FRC Core Data/TSStudent.m"; sourceTree = "<group>"; };
		FD9045891C75198D0096608A /* TSTableViewCell.h */ = {isa = PBXFileReference; fileEncoding = 4; lastKnownFileType = sourcecode.c.h; path = TSTableViewCell.h; sourceTree = "<group>"; };
		FD90458A1C75198D0096608A /* TSTableViewCell.m */ = {isa = PBXFileReference; fileEncoding = 4; lastKnownFileType = sourcecode.c.objc; path = TSTableViewCell.m; sourceTree = "<group>"; };
		FDE3D3151C7FB609000FB32B /* TSCourse+CoreDataProperties.h */ = {isa = PBXFileReference; fileEncoding = 4; lastKnownFileType = sourcecode.c.h; name = "TSCourse+CoreDataProperties.h"; path = "Test FRC Core Data/TSCourse+CoreDataProperties.h"; sourceTree = "<group>"; };
		FDE3D3161C7FB609000FB32B /* TSCourse+CoreDataProperties.m */ = {isa = PBXFileReference; fileEncoding = 4; lastKnownFileType = sourcecode.c.objc; name = "TSCourse+CoreDataProperties.m"; path = "Test FRC Core Data/TSCourse+CoreDataProperties.m"; sourceTree = "<group>"; };
		FDE3D3171C7FB609000FB32B /* TSCourse.h */ = {isa = PBXFileReference; fileEncoding = 4; lastKnownFileType = sourcecode.c.h; name = TSCourse.h; path = "Test FRC Core Data/TSCourse.h"; sourceTree = "<group>"; };
		FDE3D3181C7FB609000FB32B /* TSCourse.m */ = {isa = PBXFileReference; fileEncoding = 4; lastKnownFileType = sourcecode.c.objc; name = TSCourse.m; path = "Test FRC Core Data/TSCourse.m"; sourceTree = "<group>"; };
		FDE3D31E1C7FB6A1000FB32B /* TSCoursesViewController.h */ = {isa = PBXFileReference; fileEncoding = 4; lastKnownFileType = sourcecode.c.h; name = TSCoursesViewController.h; path = ../TSCoursesViewController.h; sourceTree = "<group>"; };
		FDE3D31F1C7FB6A1000FB32B /* TSCoursesViewController.m */ = {isa = PBXFileReference; fileEncoding = 4; lastKnownFileType = sourcecode.c.objc; name = TSCoursesViewController.m; path = ../TSCoursesViewController.m; sourceTree = "<group>"; };
/* End PBXFileReference section */

/* Begin PBXFrameworksBuildPhase section */
		FD90453D1C74DB2D0096608A /* Frameworks */ = {
			isa = PBXFrameworksBuildPhase;
			buildActionMask = 2147483647;
			files = (
			);
			runOnlyForDeploymentPostprocessing = 0;
		};
		FD9045591C74DB2E0096608A /* Frameworks */ = {
			isa = PBXFrameworksBuildPhase;
			buildActionMask = 2147483647;
			files = (
			);
			runOnlyForDeploymentPostprocessing = 0;
		};
		FD9045641C74DB2E0096608A /* Frameworks */ = {
			isa = PBXFrameworksBuildPhase;
			buildActionMask = 2147483647;
			files = (
			);
			runOnlyForDeploymentPostprocessing = 0;
		};
/* End PBXFrameworksBuildPhase section */

/* Begin PBXGroup section */
		FD217C7C1CE507CD00E34750 /* Folder */ = {
			isa = PBXGroup;
			children = (
				FD217C7D1CE507CD00E34750 /* 10.PNG */,
				FD217C7E1CE507CD00E34750 /* 11.PNG */,
				FD217C7F1CE507CD00E34750 /* 110.PNG */,
				FD217C801CE507CD00E34750 /* 111.PNG */,
				FD217C811CE507CD00E34750 /* 112.PNG */,
				FD217C821CE507CD00E34750 /* 113.PNG */,
				FD217C831CE507CD00E34750 /* 114.PNG */,
				FD217C841CE507CD00E34750 /* 115.PNG */,
				FD217C851CE507CD00E34750 /* 116.PNG */,
				FD217C861CE507CD00E34750 /* 117.PNG */,
				FD217C871CE507CD00E34750 /* 118.PNG */,
				FD217C881CE507CD00E34750 /* 119.PNG */,
				FD217C891CE507CD00E34750 /* 12.PNG */,
				FD217C8A1CE507CD00E34750 /* 13.PNG */,
				FD217C8B1CE507CD00E34750 /* 14.PNG */,
				FD217C8C1CE507CD00E34750 /* 15.PNG */,
				FD217C8D1CE507CD00E34750 /* 16.PNG */,
				FD217C8E1CE507CD00E34750 /* 17.PNG */,
				FD217C8F1CE507CD00E34750 /* 18.PNG */,
				FD217C901CE507CD00E34750 /* 19.PNG */,
			);
			path = Folder;
			sourceTree = "<group>";
		};
		FD9045371C74DB2C0096608A = {
			isa = PBXGroup;
			children = (
				FD9045821C74DF0B0096608A /* Core Data Models */,
				FD9045421C74DB2D0096608A /* Test FRC Core Data */,
				FD90455F1C74DB2E0096608A /* Test FRC Core DataTests */,
				FD90456A1C74DB2E0096608A /* Test FRC Core DataUITests */,
				FD9045411C74DB2D0096608A /* Products */,
			);
			sourceTree = "<group>";
		};
		FD9045411C74DB2D0096608A /* Products */ = {
			isa = PBXGroup;
			children = (
				FD9045401C74DB2D0096608A /* Test FRC Core Data.app */,
				FD90455C1C74DB2E0096608A /* Test FRC Core DataTests.xctest */,
				FD9045671C74DB2E0096608A /* Test FRC Core DataUITests.xctest */,
			);
			name = Products;
			sourceTree = "<group>";
		};
		FD9045421C74DB2D0096608A /* Test FRC Core Data */ = {
			isa = PBXGroup;
			children = (
				FD9045461C74DB2D0096608A /* AppDelegate.h */,
				FD9045471C74DB2D0096608A /* AppDelegate.m */,
				FD9045491C74DB2D0096608A /* ViewController.h */,
				FD90454A1C74DB2D0096608A /* ViewController.m */,
				FD50E88A1C7E660500DD2C3E /* TSTableViewController.h */,
				FD50E88B1C7E660500DD2C3E /* TSTableViewController.m */,
				FDE3D31E1C7FB6A1000FB32B /* TSCoursesViewController.h */,
				FDE3D31F1C7FB6A1000FB32B /* TSCoursesViewController.m */,
				FD9045891C75198D0096608A /* TSTableViewCell.h */,
				FD90458A1C75198D0096608A /* TSTableViewCell.m */,
				FD50E8871C7E5FF100DD2C3E /* TSStudentTableViewCell.h */,
				FD50E8881C7E5FF100DD2C3E /* TSStudentTableViewCell.m */,
				FD9045791C74DC830096608A /* TSDataManager.h */,
				FD90457A1C74DC830096608A /* TSDataManager.m */,
				FD90454C1C74DB2D0096608A /* Main.storyboard */,
				FD9045521C74DB2E0096608A /* Assets.xcassets */,
				FD9045541C74DB2E0096608A /* LaunchScreen.storyboard */,
				FD9045571C74DB2E0096608A /* Info.plist */,
				FD90454F1C74DB2D0096608A /* Test_FRC_Core_Data.xcdatamodeld */,
				FD217C7C1CE507CD00E34750 /* Folder */,
				FD9045431C74DB2D0096608A /* Supporting Files */,
			);
			path = "Test FRC Core Data";
			sourceTree = "<group>";
		};
		FD9045431C74DB2D0096608A /* Supporting Files */ = {
			isa = PBXGroup;
			children = (
				FD9045441C74DB2D0096608A /* main.m */,
			);
			name = "Supporting Files";
			sourceTree = "<group>";
		};
		FD90455F1C74DB2E0096608A /* Test FRC Core DataTests */ = {
			isa = PBXGroup;
			children = (
				FD9045601C74DB2E0096608A /* Test_FRC_Core_DataTests.m */,
				FD9045621C74DB2E0096608A /* Info.plist */,
			);
			path = "Test FRC Core DataTests";
			sourceTree = "<group>";
		};
		FD90456A1C74DB2E0096608A /* Test FRC Core DataUITests */ = {
			isa = PBXGroup;
			children = (
				FD90456B1C74DB2E0096608A /* Test_FRC_Core_DataUITests.m */,
				FD90456D1C74DB2E0096608A /* Info.plist */,
			);
			path = "Test FRC Core DataUITests";
			sourceTree = "<group>";
		};
		FD9045821C74DF0B0096608A /* Core Data Models */ = {
			isa = PBXGroup;
			children = (
				FD90457E1C74DF020096608A /* TSStudent.h */,
				FD90457F1C74DF020096608A /* TSStudent.m */,
				FD50E87E1C7E410E00DD2C3E /* TSStudent+CoreDataProperties.h */,
				FD50E87F1C7E410E00DD2C3E /* TSStudent+CoreDataProperties.m */,
				FDE3D3151C7FB609000FB32B /* TSCourse+CoreDataProperties.h */,
				FDE3D3161C7FB609000FB32B /* TSCourse+CoreDataProperties.m */,
				FDE3D3171C7FB609000FB32B /* TSCourse.h */,
				FDE3D3181C7FB609000FB32B /* TSCourse.m */,
			);
			name = "Core Data Models";
			sourceTree = "<group>";
		};
/* End PBXGroup section */

/* Begin PBXNativeTarget section */
		FD90453F1C74DB2D0096608A /* Test FRC Core Data */ = {
			isa = PBXNativeTarget;
			buildConfigurationList = FD9045701C74DB2E0096608A /* Build configuration list for PBXNativeTarget "Test FRC Core Data" */;
			buildPhases = (
				FD90453C1C74DB2D0096608A /* Sources */,
				FD90453D1C74DB2D0096608A /* Frameworks */,
				FD90453E1C74DB2D0096608A /* Resources */,
			);
			buildRules = (
			);
			dependencies = (
			);
			name = "Test FRC Core Data";
			productName = "Test FRC Core Data";
			productReference = FD9045401C74DB2D0096608A /* Test FRC Core Data.app */;
			productType = "com.apple.product-type.application";
		};
		FD90455B1C74DB2E0096608A /* Test FRC Core DataTests */ = {
			isa = PBXNativeTarget;
			buildConfigurationList = FD9045731C74DB2E0096608A /* Build configuration list for PBXNativeTarget "Test FRC Core DataTests" */;
			buildPhases = (
				FD9045581C74DB2E0096608A /* Sources */,
				FD9045591C74DB2E0096608A /* Frameworks */,
				FD90455A1C74DB2E0096608A /* Resources */,
			);
			buildRules = (
			);
			dependencies = (
				FD90455E1C74DB2E0096608A /* PBXTargetDependency */,
			);
			name = "Test FRC Core DataTests";
			productName = "Test FRC Core DataTests";
			productReference = FD90455C1C74DB2E0096608A /* Test FRC Core DataTests.xctest */;
			productType = "com.apple.product-type.bundle.unit-test";
		};
		FD9045661C74DB2E0096608A /* Test FRC Core DataUITests */ = {
			isa = PBXNativeTarget;
			buildConfigurationList = FD9045761C74DB2E0096608A /* Build configuration list for PBXNativeTarget "Test FRC Core DataUITests" */;
			buildPhases = (
				FD9045631C74DB2E0096608A /* Sources */,
				FD9045641C74DB2E0096608A /* Frameworks */,
				FD9045651C74DB2E0096608A /* Resources */,
			);
			buildRules = (
			);
			dependencies = (
				FD9045691C74DB2E0096608A /* PBXTargetDependency */,
			);
			name = "Test FRC Core DataUITests";
			productName = "Test FRC Core DataUITests";
			productReference = FD9045671C74DB2E0096608A /* Test FRC Core DataUITests.xctest */;
			productType = "com.apple.product-type.bundle.ui-testing";
		};
/* End PBXNativeTarget section */

/* Begin PBXProject section */
		FD9045381C74DB2C0096608A /* Project object */ = {
			isa = PBXProject;
			attributes = {
				CLASSPREFIX = TS;
				LastUpgradeCheck = 0720;
				ORGANIZATIONNAME = "Tsvigun Alexandr";
				TargetAttributes = {
					FD90453F1C74DB2D0096608A = {
						CreatedOnToolsVersion = 7.2;
						DevelopmentTeam = 5D7GRV784H;
					};
					FD90455B1C74DB2E0096608A = {
						CreatedOnToolsVersion = 7.2;
						DevelopmentTeam = 5D7GRV784H;
						TestTargetID = FD90453F1C74DB2D0096608A;
					};
					FD9045661C74DB2E0096608A = {
						CreatedOnToolsVersion = 7.2;
						DevelopmentTeam = 5D7GRV784H;
						TestTargetID = FD90453F1C74DB2D0096608A;
					};
				};
			};
			buildConfigurationList = FD90453B1C74DB2C0096608A /* Build configuration list for PBXProject "Test FRC Core Data" */;
			compatibilityVersion = "Xcode 3.2";
			developmentRegion = English;
			hasScannedForEncodings = 0;
			knownRegions = (
				en,
				Base,
			);
			mainGroup = FD9045371C74DB2C0096608A;
			productRefGroup = FD9045411C74DB2D0096608A /* Products */;
			projectDirPath = "";
			projectRoot = "";
			targets = (
				FD90453F1C74DB2D0096608A /* Test FRC Core Data */,
				FD90455B1C74DB2E0096608A /* Test FRC Core DataTests */,
				FD9045661C74DB2E0096608A /* Test FRC Core DataUITests */,
			);
		};
/* End PBXProject section */

/* Begin PBXResourcesBuildPhase section */
		FD90453E1C74DB2D0096608A /* Resources */ = {
			isa = PBXResourcesBuildPhase;
			buildActionMask = 2147483647;
			files = (
				FD217CA11CE507CD00E34750 /* 16.PNG in Resources */,
				FD217CA41CE507CD00E34750 /* 19.PNG in Resources */,
				FD217C9B1CE507CD00E34750 /* 118.PNG in Resources */,
				FD217CA31CE507CD00E34750 /* 18.PNG in Resources */,
				FD217C961CE507CD00E34750 /* 113.PNG in Resources */,
				FD217C941CE507CD00E34750 /* 111.PNG in Resources */,
				FD217C931CE507CD00E34750 /* 110.PNG in Resources */,
				FD217C921CE507CD00E34750 /* 11.PNG in Resources */,
				FD217C9E1CE507CD00E34750 /* 13.PNG in Resources */,
				FD217C9F1CE507CD00E34750 /* 14.PNG in Resources */,
				FD217C971CE507CD00E34750 /* 114.PNG in Resources */,
				FD9045561C74DB2E0096608A /* LaunchScreen.storyboard in Resources */,
				FD217C991CE507CD00E34750 /* 116.PNG in Resources */,
				FD217C981CE507CD00E34750 /* 115.PNG in Resources */,
				FD217CA21CE507CD00E34750 /* 17.PNG in Resources */,
				FD217C9C1CE507CD00E34750 /* 119.PNG in Resources */,
				FD9045531C74DB2E0096608A /* Assets.xcassets in Resources */,
				FD217C911CE507CD00E34750 /* 10.PNG in Resources */,
				FD217C9D1CE507CD00E34750 /* 12.PNG in Resources */,
				FD217C951CE507CD00E34750 /* 112.PNG in Resources */,
				FD90454E1C74DB2D0096608A /* Main.storyboard in Resources */,
				FD217C9A1CE507CD00E34750 /* 117.PNG in Resources */,
				FD217CA01CE507CD00E34750 /* 15.PNG in Resources */,
			);
			runOnlyForDeploymentPostprocessing = 0;
		};
		FD90455A1C74DB2E0096608A /* Resources */ = {
			isa = PBXResourcesBuildPhase;
			buildActionMask = 2147483647;
			files = (
			);
			runOnlyForDeploymentPostprocessing = 0;
		};
		FD9045651C74DB2E0096608A /* Resources */ = {
			isa = PBXResourcesBuildPhase;
			buildActionMask = 2147483647;
			files = (
			);
			runOnlyForDeploymentPostprocessing = 0;
		};
/* End PBXResourcesBuildPhase section */

/* Begin PBXSourcesBuildPhase section */
		FD90453C1C74DB2D0096608A /* Sources */ = {
			isa = PBXSourcesBuildPhase;
			buildActionMask = 2147483647;
			files = (
				FD50E88C1C7E660500DD2C3E /* TSTableViewController.m in Sources */,
				FD50E8891C7E5FF100DD2C3E /* TSStudentTableViewCell.m in Sources */,
				FDE3D31C1C7FB609000FB32B /* TSCourse.m in Sources */,
				FD90457B1C74DC830096608A /* TSDataManager.m in Sources */,
				FDE3D31B1C7FB609000FB32B /* TSCourse+CoreDataProperties.m in Sources */,
				FD90454B1C74DB2D0096608A /* ViewController.m in Sources */,
				FD9045481C74DB2D0096608A /* AppDelegate.m in Sources */,
				FD90458B1C75198D0096608A /* TSTableViewCell.m in Sources */,
				FD9045511C74DB2D0096608A /* Test_FRC_Core_Data.xcdatamodeld in Sources */,
				FDE3D3201C7FB6A1000FB32B /* TSCoursesViewController.m in Sources */,
				FD50E8801C7E410E00DD2C3E /* TSStudent+CoreDataProperties.m in Sources */,
				FD9045451C74DB2D0096608A /* main.m in Sources */,
				FD9045811C74DF020096608A /* TSStudent.m in Sources */,
			);
			runOnlyForDeploymentPostprocessing = 0;
		};
		FD9045581C74DB2E0096608A /* Sources */ = {
			isa = PBXSourcesBuildPhase;
			buildActionMask = 2147483647;
			files = (
				FD9045611C74DB2E0096608A /* Test_FRC_Core_DataTests.m in Sources */,
			);
			runOnlyForDeploymentPostprocessing = 0;
		};
		FD9045631C74DB2E0096608A /* Sources */ = {
			isa = PBXSourcesBuildPhase;
			buildActionMask = 2147483647;
			files = (
				FD90456C1C74DB2E0096608A /* Test_FRC_Core_DataUITests.m in Sources */,
			);
			runOnlyForDeploymentPostprocessing = 0;
		};
/* End PBXSourcesBuildPhase section */

/* Begin PBXTargetDependency section */
		FD90455E1C74DB2E0096608A /* PBXTargetDependency */ = {
			isa = PBXTargetDependency;
			target = FD90453F1C74DB2D0096608A /* Test FRC Core Data */;
			targetProxy = FD90455D1C74DB2E0096608A /* PBXContainerItemProxy */;
		};
		FD9045691C74DB2E0096608A /* PBXTargetDependency */ = {
			isa = PBXTargetDependency;
			target = FD90453F1C74DB2D0096608A /* Test FRC Core Data */;
			targetProxy = FD9045681C74DB2E0096608A /* PBXContainerItemProxy */;
		};
/* End PBXTargetDependency section */

/* Begin PBXVariantGroup section */
		FD90454C1C74DB2D0096608A /* Main.storyboard */ = {
			isa = PBXVariantGroup;
			children = (
				FD90454D1C74DB2D0096608A /* Base */,
			);
			name = Main.storyboard;
			sourceTree = "<group>";
		};
		FD9045541C74DB2E0096608A /* LaunchScreen.storyboard */ = {
			isa = PBXVariantGroup;
			children = (
				FD9045551C74DB2E0096608A /* Base */,
			);
			name = LaunchScreen.storyboard;
			sourceTree = "<group>";
		};
/* End PBXVariantGroup section */

/* Begin XCBuildConfiguration section */
		FD90456E1C74DB2E0096608A /* Debug */ = {
			isa = XCBuildConfiguration;
			buildSettings = {
				ALWAYS_SEARCH_USER_PATHS = NO;
				CLANG_CXX_LANGUAGE_STANDARD = "gnu++0x";
				CLANG_CXX_LIBRARY = "libc++";
				CLANG_ENABLE_MODULES = YES;
				CLANG_ENABLE_OBJC_ARC = YES;
				CLANG_WARN_BOOL_CONVERSION = YES;
				CLANG_WARN_CONSTANT_CONVERSION = YES;
				CLANG_WARN_DIRECT_OBJC_ISA_USAGE = YES_ERROR;
				CLANG_WARN_EMPTY_BODY = YES;
				CLANG_WARN_ENUM_CONVERSION = YES;
				CLANG_WARN_INT_CONVERSION = YES;
				CLANG_WARN_OBJC_ROOT_CLASS = YES_ERROR;
				CLANG_WARN_UNREACHABLE_CODE = YES;
				CLANG_WARN__DUPLICATE_METHOD_MATCH = YES;
				"CODE_SIGN_IDENTITY[sdk=iphoneos*]" = "iPhone Developer";
				COPY_PHASE_STRIP = NO;
				DEBUG_INFORMATION_FORMAT = dwarf;
				ENABLE_STRICT_OBJC_MSGSEND = YES;
				ENABLE_TESTABILITY = YES;
				GCC_C_LANGUAGE_STANDARD = gnu99;
				GCC_DYNAMIC_NO_PIC = NO;
				GCC_NO_COMMON_BLOCKS = YES;
				GCC_OPTIMIZATION_LEVEL = 0;
				GCC_PREPROCESSOR_DEFINITIONS = (
					"DEBUG=1",
					"$(inherited)",
				);
				GCC_WARN_64_TO_32_BIT_CONVERSION = YES;
				GCC_WARN_ABOUT_RETURN_TYPE = YES_ERROR;
				GCC_WARN_UNDECLARED_SELECTOR = YES;
				GCC_WARN_UNINITIALIZED_AUTOS = YES_AGGRESSIVE;
				GCC_WARN_UNUSED_FUNCTION = YES;
				GCC_WARN_UNUSED_VARIABLE = YES;
				IPHONEOS_DEPLOYMENT_TARGET = 9.2;
				MTL_ENABLE_DEBUG_INFO = YES;
				ONLY_ACTIVE_ARCH = YES;
				SDKROOT = iphoneos;
				TARGETED_DEVICE_FAMILY = "1,2";
			};
			name = Debug;
		};
		FD90456F1C74DB2E0096608A /* Release */ = {
			isa = XCBuildConfiguration;
			buildSettings = {
				ALWAYS_SEARCH_USER_PATHS = NO;
				CLANG_CXX_LANGUAGE_STANDARD = "gnu++0x";
				CLANG_CXX_LIBRARY = "libc++";
				CLANG_ENABLE_MODULES = YES;
				CLANG_ENABLE_OBJC_ARC = YES;
				CLANG_WARN_BOOL_CONVERSION = YES;
				CLANG_WARN_CONSTANT_CONVERSION = YES;
				CLANG_WARN_DIRECT_OBJC_ISA_USAGE = YES_ERROR;
				CLANG_WARN_EMPTY_BODY = YES;
				CLANG_WARN_ENUM_CONVERSION = YES;
				CLANG_WARN_INT_CONVERSION = YES;
				CLANG_WARN_OBJC_ROOT_CLASS = YES_ERROR;
				CLANG_WARN_UNREACHABLE_CODE = YES;
				CLANG_WARN__DUPLICATE_METHOD_MATCH = YES;
				"CODE_SIGN_IDENTITY[sdk=iphoneos*]" = "iPhone Developer";
				COPY_PHASE_STRIP = NO;
				DEBUG_INFORMATION_FORMAT = "dwarf-with-dsym";
				ENABLE_NS_ASSERTIONS = NO;
				ENABLE_STRICT_OBJC_MSGSEND = YES;
				GCC_C_LANGUAGE_STANDARD = gnu99;
				GCC_NO_COMMON_BLOCKS = YES;
				GCC_WARN_64_TO_32_BIT_CONVERSION = YES;
				GCC_WARN_ABOUT_RETURN_TYPE = YES_ERROR;
				GCC_WARN_UNDECLARED_SELECTOR = YES;
				GCC_WARN_UNINITIALIZED_AUTOS = YES_AGGRESSIVE;
				GCC_WARN_UNUSED_FUNCTION = YES;
				GCC_WARN_UNUSED_VARIABLE = YES;
				IPHONEOS_DEPLOYMENT_TARGET = 9.2;
				MTL_ENABLE_DEBUG_INFO = NO;
				SDKROOT = iphoneos;
				TARGETED_DEVICE_FAMILY = "1,2";
				VALIDATE_PRODUCT = YES;
			};
			name = Release;
		};
		FD9045711C74DB2E0096608A /* Debug */ = {
			isa = XCBuildConfiguration;
			buildSettings = {
				ASSETCATALOG_COMPILER_APPICON_NAME = AppIcon;
				INFOPLIST_FILE = "Test FRC Core Data/Info.plist";
				LD_RUNPATH_SEARCH_PATHS = "$(inherited) @executable_path/Frameworks";
				PRODUCT_BUNDLE_IDENTIFIER = "com.tsvigunalexandr.Test-FRC-Core-Data";
				PRODUCT_NAME = "$(TARGET_NAME)";
			};
			name = Debug;
		};
		FD9045721C74DB2E0096608A /* Release */ = {
			isa = XCBuildConfiguration;
			buildSettings = {
				ASSETCATALOG_COMPILER_APPICON_NAME = AppIcon;
				INFOPLIST_FILE = "Test FRC Core Data/Info.plist";
				LD_RUNPATH_SEARCH_PATHS = "$(inherited) @executable_path/Frameworks";
				PRODUCT_BUNDLE_IDENTIFIER = "com.tsvigunalexandr.Test-FRC-Core-Data";
				PRODUCT_NAME = "$(TARGET_NAME)";
			};
			name = Release;
		};
		FD9045741C74DB2E0096608A /* Debug */ = {
			isa = XCBuildConfiguration;
			buildSettings = {
				BUNDLE_LOADER = "$(TEST_HOST)";
				INFOPLIST_FILE = "Test FRC Core DataTests/Info.plist";
				LD_RUNPATH_SEARCH_PATHS = "$(inherited) @executable_path/Frameworks @loader_path/Frameworks";
				PRODUCT_BUNDLE_IDENTIFIER = "com.tsvigunalexandr.Test-FRC-Core-DataTests";
				PRODUCT_NAME = "$(TARGET_NAME)";
				TEST_HOST = "$(BUILT_PRODUCTS_DIR)/Test FRC Core Data.app/Test FRC Core Data";
			};
			name = Debug;
		};
		FD9045751C74DB2E0096608A /* Release */ = {
			isa = XCBuildConfiguration;
			buildSettings = {
				BUNDLE_LOADER = "$(TEST_HOST)";
				INFOPLIST_FILE = "Test FRC Core DataTests/Info.plist";
				LD_RUNPATH_SEARCH_PATHS = "$(inherited) @executable_path/Frameworks @loader_path/Frameworks";
				PRODUCT_BUNDLE_IDENTIFIER = "com.tsvigunalexandr.Test-FRC-Core-DataTests";
				PRODUCT_NAME = "$(TARGET_NAME)";
				TEST_HOST = "$(BUILT_PRODUCTS_DIR)/Test FRC Core Data.app/Test FRC Core Data";
			};
			name = Release;
		};
		FD9045771C74DB2E0096608A /* Debug */ = {
			isa = XCBuildConfiguration;
			buildSettings = {
				INFOPLIST_FILE = "Test FRC Core DataUITests/Info.plist";
				LD_RUNPATH_SEARCH_PATHS = "$(inherited) @executable_path/Frameworks @loader_path/Frameworks";
				PRODUCT_BUNDLE_IDENTIFIER = "com.tsvigunalexandr.Test-FRC-Core-DataUITests";
				PRODUCT_NAME = "$(TARGET_NAME)";
				TEST_TARGET_NAME = "Test FRC Core Data";
				USES_XCTRUNNER = YES;
			};
			name = Debug;
		};
		FD9045781C74DB2E0096608A /* Release */ = {
			isa = XCBuildConfiguration;
			buildSettings = {
				INFOPLIST_FILE = "Test FRC Core DataUITests/Info.plist";
				LD_RUNPATH_SEARCH_PATHS = "$(inherited) @executable_path/Frameworks @loader_path/Frameworks";
				PRODUCT_BUNDLE_IDENTIFIER = "com.tsvigunalexandr.Test-FRC-Core-DataUITests";
				PRODUCT_NAME = "$(TARGET_NAME)";
				TEST_TARGET_NAME = "Test FRC Core Data";
				USES_XCTRUNNER = YES;
			};
			name = Release;
		};
/* End XCBuildConfiguration section */

/* Begin XCConfigurationList section */
		FD90453B1C74DB2C0096608A /* Build configuration list for PBXProject "Test FRC Core Data" */ = {
			isa = XCConfigurationList;
			buildConfigurations = (
				FD90456E1C74DB2E0096608A /* Debug */,
				FD90456F1C74DB2E0096608A /* Release */,
			);
			defaultConfigurationIsVisible = 0;
			defaultConfigurationName = Release;
		};
		FD9045701C74DB2E0096608A /* Build configuration list for PBXNativeTarget "Test FRC Core Data" */ = {
			isa = XCConfigurationList;
			buildConfigurations = (
				FD9045711C74DB2E0096608A /* Debug */,
				FD9045721C74DB2E0096608A /* Release */,
			);
			defaultConfigurationIsVisible = 0;
			defaultConfigurationName = Release;
		};
		FD9045731C74DB2E0096608A /* Build configuration list for PBXNativeTarget "Test FRC Core DataTests" */ = {
			isa = XCConfigurationList;
			buildConfigurations = (
				FD9045741C74DB2E0096608A /* Debug */,
				FD9045751C74DB2E0096608A /* Release */,
			);
			defaultConfigurationIsVisible = 0;
			defaultConfigurationName = Release;
		};
		FD9045761C74DB2E0096608A /* Build configuration list for PBXNativeTarget "Test FRC Core DataUITests" */ = {
			isa = XCConfigurationList;
			buildConfigurations = (
				FD9045771C74DB2E0096608A /* Debug */,
				FD9045781C74DB2E0096608A /* Release */,
			);
			defaultConfigurationIsVisible = 0;
			defaultConfigurationName = Release;
		};
/* End XCConfigurationList section */

/* Begin XCVersionGroup section */
		FD90454F1C74DB2D0096608A /* Test_FRC_Core_Data.xcdatamodeld */ = {
			isa = XCVersionGroup;
			children = (
				FD9045501C74DB2D0096608A /* Test_FRC_Core_Data.xcdatamodel */,
			);
			currentVersion = FD9045501C74DB2D0096608A /* Test_FRC_Core_Data.xcdatamodel */;
			path = Test_FRC_Core_Data.xcdatamodeld;
			sourceTree = "<group>";
			versionGroupType = wrapper.xcdatamodel;
		};
/* End XCVersionGroup section */
	};
	rootObject = FD9045381C74DB2C0096608A /* Project object */;
}
